
Microsoft Visual Studio Solution File, Format Version 12.00
# Visual Studio 15
VisualStudioVersion = 15.0.27004.2002
MinimumVisualStudioVersion = 10.0.40219.1
Project("{FAE04EC0-301F-11D3-BF4B-00C04F79EFBC}") = "BA371_assign1", "BA371_assign1\BA371_assign1.csproj", "{8B4DE8E4-78AC-4973-A6D4-0C4B1024D3E3}"
EndProject
Project("{FAE04EC0-301F-11D3-BF4B-00C04F79EFBC}") = "Website", "Website\Website.csproj", "{37A771C1-BC86-4E74-89F3-DDDE965D44EC}"
EndProject
Global
	GlobalSection(SolutionConfigurationPlatforms) = preSolution
		Debug|Any CPU = Debug|Any CPU
		Release|Any CPU = Release|Any CPU
	EndGlobalSection
	GlobalSection(ProjectConfigurationPlatforms) = postSolution
		{8B4DE8E4-78AC-4973-A6D4-0C4B1024D3E3}.Debug|Any CPU.ActiveCfg = Debug|Any CPU
		{8B4DE8E4-78AC-4973-A6D4-0C4B1024D3E3}.Debug|Any CPU.Build.0 = Debug|Any CPU
		{8B4DE8E4-78AC-4973-A6D4-0C4B1024D3E3}.Release|Any CPU.ActiveCfg = Release|Any CPU
		{8B4DE8E4-78AC-4973-A6D4-0C4B1024D3E3}.Release|Any CPU.Build.0 = Release|Any CPU
		{37A771C1-BC86-4E74-89F3-DDDE965D44EC}.Debug|Any CPU.ActiveCfg = Debug|Any CPU
		{37A771C1-BC86-4E74-89F3-DDDE965D44EC}.Debug|Any CPU.Build.0 = Debug|Any CPU
		{37A771C1-BC86-4E74-89F3-DDDE965D44EC}.Release|Any CPU.ActiveCfg = Release|Any CPU
		{37A771C1-BC86-4E74-89F3-DDDE965D44EC}.Release|Any CPU.Build.0 = Release|Any CPU
	EndGlobalSection
	GlobalSection(SolutionProperties) = preSolution
		HideSolutionNode = FALSE
	EndGlobalSection
	GlobalSection(ExtensibilityGlobals) = postSolution
		SolutionGuid = {B1384654-CED6-41CD-9485-4213E8E0D1E1}
	EndGlobalSection
EndGlobal
